// !$*UTF8*$!
{
	archiveVersion = 1;
	classes = {
	};
	objectVersion = 46;
	objects = {

/* Begin PBXBuildFile section */
		EB3901311DC9534400DBB595 /* SearchResultCell.xib in Resources */ = {isa = PBXBuildFile; fileRef = EB3901301DC9534400DBB595 /* SearchResultCell.xib */; };
		EB5B8CD61DC7FB0700494D42 /* AppDelegate.swift in Sources */ = {isa = PBXBuildFile; fileRef = EB5B8CD51DC7FB0700494D42 /* AppDelegate.swift */; };
		EB5B8CD81DC7FB0700494D42 /* SearchViewController.swift in Sources */ = {isa = PBXBuildFile; fileRef = EB5B8CD71DC7FB0700494D42 /* SearchViewController.swift */; };
		EB5B8CDB1DC7FB0700494D42 /* Main.storyboard in Resources */ = {isa = PBXBuildFile; fileRef = EB5B8CD91DC7FB0700494D42 /* Main.storyboard */; };
		EB5B8CDD1DC7FB0700494D42 /* Assets.xcassets in Resources */ = {isa = PBXBuildFile; fileRef = EB5B8CDC1DC7FB0700494D42 /* Assets.xcassets */; };
		EB5B8CE01DC7FB0700494D42 /* LaunchScreen.storyboard in Resources */ = {isa = PBXBuildFile; fileRef = EB5B8CDE1DC7FB0700494D42 /* LaunchScreen.storyboard */; };
		EBD402631DC95DA800B7AFF5 /* SearchResultCell.swift in Sources */ = {isa = PBXBuildFile; fileRef = EBD402621DC95DA800B7AFF5 /* SearchResultCell.swift */; };
		EBE750A11DC8CF96004DA420 /* SearchResult.swift in Sources */ = {isa = PBXBuildFile; fileRef = EBE750A01DC8CF96004DA420 /* SearchResult.swift */; };
/* End PBXBuildFile section */

/* Begin PBXFileReference section */
		EB3901301DC9534400DBB595 /* SearchResultCell.xib */ = {isa = PBXFileReference; fileEncoding = 4; lastKnownFileType = file.xib; path = SearchResultCell.xib; sourceTree = "<group>"; };
		EB5B8CD21DC7FB0700494D42 /* StoreSearch.app */ = {isa = PBXFileReference; explicitFileType = wrapper.application; includeInIndex = 0; path = StoreSearch.app; sourceTree = BUILT_PRODUCTS_DIR; };
		EB5B8CD51DC7FB0700494D42 /* AppDelegate.swift */ = {isa = PBXFileReference; lastKnownFileType = sourcecode.swift; path = AppDelegate.swift; sourceTree = "<group>"; };
		EB5B8CD71DC7FB0700494D42 /* SearchViewController.swift */ = {isa = PBXFileReference; lastKnownFileType = sourcecode.swift; path = SearchViewController.swift; sourceTree = "<group>"; };
		EB5B8CDA1DC7FB0700494D42 /* Base */ = {isa = PBXFileReference; lastKnownFileType = file.storyboard; name = Base; path = Base.lproj/Main.storyboard; sourceTree = "<group>"; };
		EB5B8CDC1DC7FB0700494D42 /* Assets.xcassets */ = {isa = PBXFileReference; lastKnownFileType = folder.assetcatalog; path = Assets.xcassets; sourceTree = "<group>"; };
		EB5B8CDF1DC7FB0700494D42 /* Base */ = {isa = PBXFileReference; lastKnownFileType = file.storyboard; name = Base; path = Base.lproj/LaunchScreen.storyboard; sourceTree = "<group>"; };
		EB5B8CE11DC7FB0700494D42 /* Info.plist */ = {isa = PBXFileReference; lastKnownFileType = text.plist.xml; path = Info.plist; sourceTree = "<group>"; };
		EBD402621DC95DA800B7AFF5 /* SearchResultCell.swift */ = {isa = PBXFileReference; fileEncoding = 4; lastKnownFileType = sourcecode.swift; path = SearchResultCell.swift; sourceTree = "<group>"; };
		EBE750A01DC8CF96004DA420 /* SearchResult.swift */ = {isa = PBXFileReference; fileEncoding = 4; lastKnownFileType = sourcecode.swift; path = SearchResult.swift; sourceTree = "<group>"; };
/* End PBXFileReference section */

/* Begin PBXFrameworksBuildPhase section */
		EB5B8CCF1DC7FB0700494D42 /* Frameworks */ = {
			isa = PBXFrameworksBuildPhase;
			buildActionMask = 2147483647;
			files = (
			);
			runOnlyForDeploymentPostprocessing = 0;
		};
/* End PBXFrameworksBuildPhase section */

/* Begin PBXGroup section */
		EB5B8CC91DC7FB0700494D42 = {
			isa = PBXGroup;
			children = (
				EB5B8CD41DC7FB0700494D42 /* StoreSearch */,
				EB5B8CD31DC7FB0700494D42 /* Products */,
			);
			sourceTree = "<group>";
		};
		EB5B8CD31DC7FB0700494D42 /* Products */ = {
			isa = PBXGroup;
			children = (
				EB5B8CD21DC7FB0700494D42 /* StoreSearch.app */,
			);
			name = Products;
			sourceTree = "<group>";
		};
		EB5B8CD41DC7FB0700494D42 /* StoreSearch */ = {
			isa = PBXGroup;
			children = (
				EB5B8CD51DC7FB0700494D42 /* AppDelegate.swift */,
				EB5B8CD71DC7FB0700494D42 /* SearchViewController.swift */,
				EB5B8CD91DC7FB0700494D42 /* Main.storyboard */,
				EB5B8CDC1DC7FB0700494D42 /* Assets.xcassets */,
				EB5B8CDE1DC7FB0700494D42 /* LaunchScreen.storyboard */,
				EB5B8CE11DC7FB0700494D42 /* Info.plist */,
				EBE750A01DC8CF96004DA420 /* SearchResult.swift */,
				EB3901301DC9534400DBB595 /* SearchResultCell.xib */,
				EBD402621DC95DA800B7AFF5 /* SearchResultCell.swift */,
			);
			path = StoreSearch;
			sourceTree = "<group>";
		};
/* End PBXGroup section */

/* Begin PBXNativeTarget section */
		EB5B8CD11DC7FB0700494D42 /* StoreSearch */ = {
			isa = PBXNativeTarget;
			buildConfigurationList = EB5B8CE41DC7FB0700494D42 /* Build configuration list for PBXNativeTarget "StoreSearch" */;
			buildPhases = (
				EB5B8CCE1DC7FB0700494D42 /* Sources */,
				EB5B8CCF1DC7FB0700494D42 /* Frameworks */,
				EB5B8CD01DC7FB0700494D42 /* Resources */,
			);
			buildRules = (
			);
			dependencies = (
			);
			name = StoreSearch;
			productName = StoreSearch;
			productReference = EB5B8CD21DC7FB0700494D42 /* StoreSearch.app */;
			productType = "com.apple.product-type.application";
		};
/* End PBXNativeTarget section */

/* Begin PBXProject section */
		EB5B8CCA1DC7FB0700494D42 /* Project object */ = {
			isa = PBXProject;
			attributes = {
				LastSwiftUpdateCheck = 0800;
				LastUpgradeCheck = 0800;
				ORGANIZATIONNAME = "kickinbahk Productions";
				TargetAttributes = {
					EB5B8CD11DC7FB0700494D42 = {
						CreatedOnToolsVersion = 8.0;
						DevelopmentTeam = HPWA75Z78H;
						ProvisioningStyle = Automatic;
					};
				};
			};
			buildConfigurationList = EB5B8CCD1DC7FB0700494D42 /* Build configuration list for PBXProject "StoreSearch" */;
			compatibilityVersion = "Xcode 3.2";
			developmentRegion = English;
			hasScannedForEncodings = 0;
			knownRegions = (
				en,
				Base,
			);
			mainGroup = EB5B8CC91DC7FB0700494D42;
			productRefGroup = EB5B8CD31DC7FB0700494D42 /* Products */;
			projectDirPath = "";
			projectRoot = "";
			targets = (
				EB5B8CD11DC7FB0700494D42 /* StoreSearch */,
			);
		};
/* End PBXProject section */

/* Begin PBXResourcesBuildPhase section */
		EB5B8CD01DC7FB0700494D42 /* Resources */ = {
			isa = PBXResourcesBuildPhase;
			buildActionMask = 2147483647;
			files = (
				EB5B8CE01DC7FB0700494D42 /* LaunchScreen.storyboard in Resources */,
				EB5B8CDD1DC7FB0700494D42 /* Assets.xcassets in Resources */,
				EB3901311DC9534400DBB595 /* SearchResultCell.xib in Resources */,
				EB5B8CDB1DC7FB0700494D42 /* Main.storyboard in Resources */,
			);
			runOnlyForDeploymentPostprocessing = 0;
		};
/* End PBXResourcesBuildPhase section */

/* Begin PBXSourcesBuildPhase section */
		EB5B8CCE1DC7FB0700494D42 /* Sources */ = {
			isa = PBXSourcesBuildPhase;
			buildActionMask = 2147483647;
			files = (
				EB5B8CD81DC7FB0700494D42 /* SearchViewController.swift in Sources */,
				EBE750A11DC8CF96004DA420 /* SearchResult.swift in Sources */,
				EBD402631DC95DA800B7AFF5 /* SearchResultCell.swift in Sources */,
				EB5B8CD61DC7FB0700494D42 /* AppDelegate.swift in Sources */,
			);
			runOnlyForDeploymentPostprocessing = 0;
		};
/* End PBXSourcesBuildPhase section */

/* Begin PBXVariantGroup section */
		EB5B8CD91DC7FB0700494D42 /* Main.storyboard */ = {
			isa = PBXVariantGroup;
			children = (
				EB5B8CDA1DC7FB0700494D42 /* Base */,
			);
			name = Main.storyboard;
			sourceTree = "<group>";
		};
		EB5B8CDE1DC7FB0700494D42 /* LaunchScreen.storyboard */ = {
			isa = PBXVariantGroup;
			children = (
				EB5B8CDF1DC7FB0700494D42 /* Base */,
			);
			name = LaunchScreen.storyboard;
			sourceTree = "<group>";
		};
/* End PBXVariantGroup section */

/* Begin XCBuildConfiguration section */
		EB5B8CE21DC7FB0700494D42 /* Debug */ = {
			isa = XCBuildConfiguration;
			buildSettings = {
				ALWAYS_SEARCH_USER_PATHS = NO;
				CLANG_ANALYZER_NONNULL = YES;
				CLANG_CXX_LANGUAGE_STANDARD = "gnu++0x";
				CLANG_CXX_LIBRARY = "libc++";
				CLANG_ENABLE_MODULES = YES;
				CLANG_ENABLE_OBJC_ARC = YES;
				CLANG_WARN_BOOL_CONVERSION = YES;
				CLANG_WARN_CONSTANT_CONVERSION = YES;
				CLANG_WARN_DIRECT_OBJC_ISA_USAGE = YES_ERROR;
				CLANG_WARN_DOCUMENTATION_COMMENTS = YES;
				CLANG_WARN_EMPTY_BODY = YES;
				CLANG_WARN_ENUM_CONVERSION = YES;
				CLANG_WARN_INFINITE_RECURSION = YES;
				CLANG_WARN_INT_CONVERSION = YES;
				CLANG_WARN_OBJC_ROOT_CLASS = YES_ERROR;
				CLANG_WARN_SUSPICIOUS_MOVES = YES;
				CLANG_WARN_UNREACHABLE_CODE = YES;
				CLANG_WARN__DUPLICATE_METHOD_MATCH = YES;
				"CODE_SIGN_IDENTITY[sdk=iphoneos*]" = "iPhone Developer";
				COPY_PHASE_STRIP = NO;
				DEBUG_INFORMATION_FORMAT = dwarf;
				ENABLE_STRICT_OBJC_MSGSEND = YES;
				ENABLE_TESTABILITY = YES;
				GCC_C_LANGUAGE_STANDARD = gnu99;
				GCC_DYNAMIC_NO_PIC = NO;
				GCC_NO_COMMON_BLOCKS = YES;
				GCC_OPTIMIZATION_LEVEL = 0;
				GCC_PREPROCESSOR_DEFINITIONS = (
					"DEBUG=1",
					"$(inherited)",
				);
				GCC_WARN_64_TO_32_BIT_CONVERSION = YES;
				GCC_WARN_ABOUT_RETURN_TYPE = YES_ERROR;
				GCC_WARN_UNDECLARED_SELECTOR = YES;
				GCC_WARN_UNINITIALIZED_AUTOS = YES_AGGRESSIVE;
				GCC_WARN_UNUSED_FUNCTION = YES;
				GCC_WARN_UNUSED_VARIABLE = YES;
				IPHONEOS_DEPLOYMENT_TARGET = 10.0;
				MTL_ENABLE_DEBUG_INFO = YES;
				ONLY_ACTIVE_ARCH = YES;
				SDKROOT = iphoneos;
				SWIFT_ACTIVE_COMPILATION_CONDITIONS = DEBUG;
				SWIFT_OPTIMIZATION_LEVEL = "-Onone";
			};
			name = Debug;
		};
		EB5B8CE31DC7FB0700494D42 /* Release */ = {
			isa = XCBuildConfiguration;
			buildSettings = {
				ALWAYS_SEARCH_USER_PATHS = NO;
				CLANG_ANALYZER_NONNULL = YES;
				CLANG_CXX_LANGUAGE_STANDARD = "gnu++0x";
				CLANG_CXX_LIBRARY = "libc++";
				CLANG_ENABLE_MODULES = YES;
				CLANG_ENABLE_OBJC_ARC = YES;
				CLANG_WARN_BOOL_CONVERSION = YES;
				CLANG_WARN_CONSTANT_CONVERSION = YES;
				CLANG_WARN_DIRECT_OBJC_ISA_USAGE = YES_ERROR;
				CLANG_WARN_DOCUMENTATION_COMMENTS = YES;
				CLANG_WARN_EMPTY_BODY = YES;
				CLANG_WARN_ENUM_CONVERSION = YES;
				CLANG_WARN_INFINITE_RECURSION = YES;
				CLANG_WARN_INT_CONVERSION = YES;
				CLANG_WARN_OBJC_ROOT_CLASS = YES_ERROR;
				CLANG_WARN_SUSPICIOUS_MOVES = YES;
				CLANG_WARN_UNREACHABLE_CODE = YES;
				CLANG_WARN__DUPLICATE_METHOD_MATCH = YES;
				"CODE_SIGN_IDENTITY[sdk=iphoneos*]" = "iPhone Developer";
				COPY_PHASE_STRIP = NO;
				DEBUG_INFORMATION_FORMAT = "dwarf-with-dsym";
				ENABLE_NS_ASSERTIONS = NO;
				ENABLE_STRICT_OBJC_MSGSEND = YES;
				GCC_C_LANGUAGE_STANDARD = gnu99;
				GCC_NO_COMMON_BLOCKS = YES;
				GCC_WARN_64_TO_32_BIT_CONVERSION = YES;
				GCC_WARN_ABOUT_RETURN_TYPE = YES_ERROR;
				GCC_WARN_UNDECLARED_SELECTOR = YES;
				GCC_WARN_UNINITIALIZED_AUTOS = YES_AGGRESSIVE;
				GCC_WARN_UNUSED_FUNCTION = YES;
				GCC_WARN_UNUSED_VARIABLE = YES;
				IPHONEOS_DEPLOYMENT_TARGET = 10.0;
				MTL_ENABLE_DEBUG_INFO = NO;
				SDKROOT = iphoneos;
				SWIFT_OPTIMIZATION_LEVEL = "-Owholemodule";
				VALIDATE_PRODUCT = YES;
			};
			name = Release;
		};
		EB5B8CE51DC7FB0700494D42 /* Debug */ = {
			isa = XCBuildConfiguration;
			buildSettings = {
				ASSETCATALOG_COMPILER_APPICON_NAME = AppIcon;
				DEVELOPMENT_TEAM = HPWA75Z78H;
				INFOPLIST_FILE = StoreSearch/Info.plist;
				LD_RUNPATH_SEARCH_PATHS = "$(inherited) @executable_path/Frameworks";
				PRODUCT_BUNDLE_IDENTIFIER = com.kickinbahkproductions.StoreSearch;
				PRODUCT_NAME = "$(TARGET_NAME)";
				SWIFT_VERSION = 3.0;
			};
			name = Debug;
		};
		EB5B8CE61DC7FB0700494D42 /* Release */ = {
			isa = XCBuildConfiguration;
			buildSettings = {
				ASSETCATALOG_COMPILER_APPICON_NAME = AppIcon;
				DEVELOPMENT_TEAM = HPWA75Z78H;
				INFOPLIST_FILE = StoreSearch/Info.plist;
				LD_RUNPATH_SEARCH_PATHS = "$(inherited) @executable_path/Frameworks";
				PRODUCT_BUNDLE_IDENTIFIER = com.kickinbahkproductions.StoreSearch;
				PRODUCT_NAME = "$(TARGET_NAME)";
				SWIFT_VERSION = 3.0;
			};
			name = Release;
		};
/* End XCBuildConfiguration section */

/* Begin XCConfigurationList section */
		EB5B8CCD1DC7FB0700494D42 /* Build configuration list for PBXProject "StoreSearch" */ = {
			isa = XCConfigurationList;
			buildConfigurations = (
				EB5B8CE21DC7FB0700494D42 /* Debug */,
				EB5B8CE31DC7FB0700494D42 /* Release */,
			);
			defaultConfigurationIsVisible = 0;
			defaultConfigurationName = Release;
		};
		EB5B8CE41DC7FB0700494D42 /* Build configuration list for PBXNativeTarget "StoreSearch" */ = {
			isa = XCConfigurationList;
			buildConfigurations = (
				EB5B8CE51DC7FB0700494D42 /* Debug */,
				EB5B8CE61DC7FB0700494D42 /* Release */,
			);
			defaultConfigurationIsVisible = 0;
			defaultConfigurationName = Release;
		};
/* End XCConfigurationList section */
	};
	rootObject = EB5B8CCA1DC7FB0700494D42 /* Project object */;
}
